// !$*UTF8*$!
{
	archiveVersion = 1;
	classes = {
	};
	objectVersion = 50;
	objects = {

/* Begin PBXBuildFile section */
		6C482CDD2221F153003A2B27 /* MainMenu.xib in Resources */ = {isa = PBXBuildFile; fileRef = 6C482CDB2221F153003A2B27 /* MainMenu.xib */; };
		6C482CE52221F1DF003A2B27 /* GCDWebServerResponse.m in Sources */ = {isa = PBXBuildFile; fileRef = 6CEF3AD522150C0F00CEAC8A /* GCDWebServerResponse.m */; };
		6C482CE62221F1DF003A2B27 /* GCDWebServerErrorResponse.m in Sources */ = {isa = PBXBuildFile; fileRef = 6CEF3AD822150C0F00CEAC8A /* GCDWebServerErrorResponse.m */; };
		6C482CE72221F1DF003A2B27 /* GCDWebServerRequest.m in Sources */ = {isa = PBXBuildFile; fileRef = 6CEF3ADD22150C0F00CEAC8A /* GCDWebServerRequest.m */; };
		6C482CE82221F1DF003A2B27 /* GCDWebServerURLEncodedFormRequest.m in Sources */ = {isa = PBXBuildFile; fileRef = 6CEF3ADE22150C0F00CEAC8A /* GCDWebServerURLEncodedFormRequest.m */; };
		6C482CE92221F1DF003A2B27 /* GCDWebServerMultiPartFormRequest.m in Sources */ = {isa = PBXBuildFile; fileRef = 6CEF3AE022150C0F00CEAC8A /* GCDWebServerMultiPartFormRequest.m */; };
		6C482CEA2221F1DF003A2B27 /* GCDWebServerDataRequest.m in Sources */ = {isa = PBXBuildFile; fileRef = 6CEF3AE222150C0F00CEAC8A /* GCDWebServerDataRequest.m */; };
		6C482CEB2221F1DF003A2B27 /* GCDWebServerFileResponse.m in Sources */ = {isa = PBXBuildFile; fileRef = 6CEF3AE322150C0F00CEAC8A /* GCDWebServerFileResponse.m */; };
		6C482CEC2221F1DF003A2B27 /* GCDWebServerFunctions.m in Sources */ = {isa = PBXBuildFile; fileRef = 6CEF3AE422150C0F00CEAC8A /* GCDWebServerFunctions.m */; };
		6C482CED2221F1DF003A2B27 /* GCDWebServer.m in Sources */ = {isa = PBXBuildFile; fileRef = 6CEF3AE522150C0F00CEAC8A /* GCDWebServer.m */; };
		6C482CEE2221F1DF003A2B27 /* GCDWebServerDataResponse.m in Sources */ = {isa = PBXBuildFile; fileRef = 6CEF3AE622150C0F00CEAC8A /* GCDWebServerDataResponse.m */; };
		6C482CEF2221F1DF003A2B27 /* GCDWebServerConnection.m in Sources */ = {isa = PBXBuildFile; fileRef = 6CEF3AE722150C0F00CEAC8A /* GCDWebServerConnection.m */; };
		6C482CF02221F1DF003A2B27 /* GCDWebServerFileRequest.m in Sources */ = {isa = PBXBuildFile; fileRef = 6CEF3AE822150C0F00CEAC8A /* GCDWebServerFileRequest.m */; };
		6C482CF12221F1DF003A2B27 /* GCDWebServerStreamedResponse.m in Sources */ = {isa = PBXBuildFile; fileRef = 6CEF3AEA22150C0F00CEAC8A /* GCDWebServerStreamedResponse.m */; };
		6C482CF22221F1DF003A2B27 /* KagiDelegate.m in Sources */ = {isa = PBXBuildFile; fileRef = 6CCAD4E72221DAF100BA772B /* KagiDelegate.m */; };
		6C482CF42221F1DF003A2B27 /* main.m in Sources */ = {isa = PBXBuildFile; fileRef = 6CCAD4F22221DAF100BA772B /* main.m */; };
		6C482CFA2221FC36003A2B27 /* KeyRowView.m in Sources */ = {isa = PBXBuildFile; fileRef = 6C482CF92221FC36003A2B27 /* KeyRowView.m */; };
		6CA8769122277671000C9952 /* Sparkle.framework in Frameworks */ = {isa = PBXBuildFile; fileRef = 6CA8769022277671000C9952 /* Sparkle.framework */; };
		6CA87693222776BD000C9952 /* Sparkle.framework in CopyFiles */ = {isa = PBXBuildFile; fileRef = 6CA8769022277671000C9952 /* Sparkle.framework */; settings = {ATTRIBUTES = (CodeSignOnCopy, RemoveHeadersOnCopy, ); }; };
		6CA876962227863E000C9952 /* NewKeyRowView.m in Sources */ = {isa = PBXBuildFile; fileRef = 6CA876952227863E000C9952 /* NewKeyRowView.m */; };
/* End PBXBuildFile section */

/* Begin PBXCopyFilesBuildPhase section */
		6CA87692222776A8000C9952 /* CopyFiles */ = {
			isa = PBXCopyFilesBuildPhase;
			buildActionMask = 2147483647;
			dstPath = "";
			dstSubfolderSpec = 10;
			files = (
				6CA87693222776BD000C9952 /* Sparkle.framework in CopyFiles */,
			);
			runOnlyForDeploymentPostprocessing = 0;
		};
/* End PBXCopyFilesBuildPhase section */

/* Begin PBXFileReference section */
		6C482CD42221F151003A2B27 /* Kagi.app */ = {isa = PBXFileReference; explicitFileType = wrapper.application; includeInIndex = 0; path = Kagi.app; sourceTree = BUILT_PRODUCTS_DIR; };
		6C482CDC2221F153003A2B27 /* Base */ = {isa = PBXFileReference; lastKnownFileType = file.xib; name = Base; path = Base.lproj/MainMenu.xib; sourceTree = "<group>"; };
		6C482CF82221FC36003A2B27 /* KeyRowView.h */ = {isa = PBXFileReference; lastKnownFileType = sourcecode.c.h; path = KeyRowView.h; sourceTree = "<group>"; };
		6C482CF92221FC36003A2B27 /* KeyRowView.m */ = {isa = PBXFileReference; lastKnownFileType = sourcecode.c.objc; path = KeyRowView.m; sourceTree = "<group>"; };
		6CA8769022277671000C9952 /* Sparkle.framework */ = {isa = PBXFileReference; lastKnownFileType = wrapper.framework; path = Sparkle.framework; sourceTree = "<group>"; };
		6CA876942227863E000C9952 /* NewKeyRowView.h */ = {isa = PBXFileReference; lastKnownFileType = sourcecode.c.h; path = NewKeyRowView.h; sourceTree = "<group>"; };
		6CA876952227863E000C9952 /* NewKeyRowView.m */ = {isa = PBXFileReference; lastKnownFileType = sourcecode.c.objc; path = NewKeyRowView.m; sourceTree = "<group>"; };
		6CCAD4E62221DAF100BA772B /* KagiDelegate.h */ = {isa = PBXFileReference; lastKnownFileType = sourcecode.c.h; path = KagiDelegate.h; sourceTree = "<group>"; };
		6CCAD4E72221DAF100BA772B /* KagiDelegate.m */ = {isa = PBXFileReference; lastKnownFileType = sourcecode.c.objc; path = KagiDelegate.m; sourceTree = "<group>"; };
		6CCAD4EC2221DAF100BA772B /* Assets.xcassets */ = {isa = PBXFileReference; lastKnownFileType = folder.assetcatalog; path = Assets.xcassets; sourceTree = "<group>"; };
		6CCAD4F12221DAF100BA772B /* Info.plist */ = {isa = PBXFileReference; lastKnownFileType = text.plist.xml; path = Info.plist; sourceTree = "<group>"; };
		6CCAD4F22221DAF100BA772B /* main.m */ = {isa = PBXFileReference; lastKnownFileType = sourcecode.c.objc; path = main.m; sourceTree = "<group>"; };
		6CCAD4F42221DAF100BA772B /* Kagi.entitlements */ = {isa = PBXFileReference; lastKnownFileType = text.plist.entitlements; path = Kagi.entitlements; sourceTree = "<group>"; };
		6CEF3AD122150C0F00CEAC8A /* GCDWebServerFileResponse.h */ = {isa = PBXFileReference; lastKnownFileType = sourcecode.c.h; path = GCDWebServerFileResponse.h; sourceTree = "<group>"; };
		6CEF3AD222150C0F00CEAC8A /* GCDWebServerFunctions.h */ = {isa = PBXFileReference; lastKnownFileType = sourcecode.c.h; path = GCDWebServerFunctions.h; sourceTree = "<group>"; };
		6CEF3AD322150C0F00CEAC8A /* GCDWebServerPrivate.h */ = {isa = PBXFileReference; lastKnownFileType = sourcecode.c.h; path = GCDWebServerPrivate.h; sourceTree = "<group>"; };
		6CEF3AD422150C0F00CEAC8A /* GCDWebServerDataRequest.h */ = {isa = PBXFileReference; lastKnownFileType = sourcecode.c.h; path = GCDWebServerDataRequest.h; sourceTree = "<group>"; };
		6CEF3AD522150C0F00CEAC8A /* GCDWebServerResponse.m */ = {isa = PBXFileReference; lastKnownFileType = sourcecode.c.objc; path = GCDWebServerResponse.m; sourceTree = "<group>"; };
		6CEF3AD622150C0F00CEAC8A /* GCDWebServerMultiPartFormRequest.h */ = {isa = PBXFileReference; lastKnownFileType = sourcecode.c.h; path = GCDWebServerMultiPartFormRequest.h; sourceTree = "<group>"; };
		6CEF3AD722150C0F00CEAC8A /* GCDWebServerStreamedResponse.h */ = {isa = PBXFileReference; lastKnownFileType = sourcecode.c.h; path = GCDWebServerStreamedResponse.h; sourceTree = "<group>"; };
		6CEF3AD822150C0F00CEAC8A /* GCDWebServerErrorResponse.m */ = {isa = PBXFileReference; lastKnownFileType = sourcecode.c.objc; path = GCDWebServerErrorResponse.m; sourceTree = "<group>"; };
		6CEF3AD922150C0F00CEAC8A /* GCDWebServerFileRequest.h */ = {isa = PBXFileReference; lastKnownFileType = sourcecode.c.h; path = GCDWebServerFileRequest.h; sourceTree = "<group>"; };
		6CEF3ADA22150C0F00CEAC8A /* GCDWebServerConnection.h */ = {isa = PBXFileReference; lastKnownFileType = sourcecode.c.h; path = GCDWebServerConnection.h; sourceTree = "<group>"; };
		6CEF3ADB22150C0F00CEAC8A /* GCDWebServerDataResponse.h */ = {isa = PBXFileReference; lastKnownFileType = sourcecode.c.h; path = GCDWebServerDataResponse.h; sourceTree = "<group>"; };
		6CEF3ADC22150C0F00CEAC8A /* GCDWebServer.h */ = {isa = PBXFileReference; lastKnownFileType = sourcecode.c.h; path = GCDWebServer.h; sourceTree = "<group>"; };
		6CEF3ADD22150C0F00CEAC8A /* GCDWebServerRequest.m */ = {isa = PBXFileReference; lastKnownFileType = sourcecode.c.objc; path = GCDWebServerRequest.m; sourceTree = "<group>"; };
		6CEF3ADE22150C0F00CEAC8A /* GCDWebServerURLEncodedFormRequest.m */ = {isa = PBXFileReference; lastKnownFileType = sourcecode.c.objc; path = GCDWebServerURLEncodedFormRequest.m; sourceTree = "<group>"; };
		6CEF3ADF22150C0F00CEAC8A /* GCDWebServerHTTPStatusCodes.h */ = {isa = PBXFileReference; lastKnownFileType = sourcecode.c.h; path = GCDWebServerHTTPStatusCodes.h; sourceTree = "<group>"; };
		6CEF3AE022150C0F00CEAC8A /* GCDWebServerMultiPartFormRequest.m */ = {isa = PBXFileReference; lastKnownFileType = sourcecode.c.objc; path = GCDWebServerMultiPartFormRequest.m; sourceTree = "<group>"; };
		6CEF3AE122150C0F00CEAC8A /* GCDWebServerResponse.h */ = {isa = PBXFileReference; lastKnownFileType = sourcecode.c.h; path = GCDWebServerResponse.h; sourceTree = "<group>"; };
		6CEF3AE222150C0F00CEAC8A /* GCDWebServerDataRequest.m */ = {isa = PBXFileReference; lastKnownFileType = sourcecode.c.objc; path = GCDWebServerDataRequest.m; sourceTree = "<group>"; };
		6CEF3AE322150C0F00CEAC8A /* GCDWebServerFileResponse.m */ = {isa = PBXFileReference; lastKnownFileType = sourcecode.c.objc; path = GCDWebServerFileResponse.m; sourceTree = "<group>"; };
		6CEF3AE422150C0F00CEAC8A /* GCDWebServerFunctions.m */ = {isa = PBXFileReference; lastKnownFileType = sourcecode.c.objc; path = GCDWebServerFunctions.m; sourceTree = "<group>"; };
		6CEF3AE522150C0F00CEAC8A /* GCDWebServer.m */ = {isa = PBXFileReference; lastKnownFileType = sourcecode.c.objc; path = GCDWebServer.m; sourceTree = "<group>"; };
		6CEF3AE622150C0F00CEAC8A /* GCDWebServerDataResponse.m */ = {isa = PBXFileReference; lastKnownFileType = sourcecode.c.objc; path = GCDWebServerDataResponse.m; sourceTree = "<group>"; };
		6CEF3AE722150C0F00CEAC8A /* GCDWebServerConnection.m */ = {isa = PBXFileReference; lastKnownFileType = sourcecode.c.objc; path = GCDWebServerConnection.m; sourceTree = "<group>"; };
		6CEF3AE822150C0F00CEAC8A /* GCDWebServerFileRequest.m */ = {isa = PBXFileReference; lastKnownFileType = sourcecode.c.objc; path = GCDWebServerFileRequest.m; sourceTree = "<group>"; };
		6CEF3AE922150C0F00CEAC8A /* GCDWebServerErrorResponse.h */ = {isa = PBXFileReference; lastKnownFileType = sourcecode.c.h; path = GCDWebServerErrorResponse.h; sourceTree = "<group>"; };
		6CEF3AEA22150C0F00CEAC8A /* GCDWebServerStreamedResponse.m */ = {isa = PBXFileReference; lastKnownFileType = sourcecode.c.objc; path = GCDWebServerStreamedResponse.m; sourceTree = "<group>"; };
		6CEF3AEB22150C0F00CEAC8A /* GCDWebServerURLEncodedFormRequest.h */ = {isa = PBXFileReference; lastKnownFileType = sourcecode.c.h; path = GCDWebServerURLEncodedFormRequest.h; sourceTree = "<group>"; };
		6CEF3AEC22150C0F00CEAC8A /* GCDWebServerRequest.h */ = {isa = PBXFileReference; lastKnownFileType = sourcecode.c.h; path = GCDWebServerRequest.h; sourceTree = "<group>"; };
/* End PBXFileReference section */

/* Begin PBXFrameworksBuildPhase section */
		6C482CD12221F151003A2B27 /* Frameworks */ = {
			isa = PBXFrameworksBuildPhase;
			buildActionMask = 2147483647;
			files = (
				6CA8769122277671000C9952 /* Sparkle.framework in Frameworks */,
			);
			runOnlyForDeploymentPostprocessing = 0;
		};
/* End PBXFrameworksBuildPhase section */

/* Begin PBXGroup section */
		6C482D002221FE36003A2B27 /* Resources */ = {
			isa = PBXGroup;
			children = (
				6C482CDB2221F153003A2B27 /* MainMenu.xib */,
				6CCAD4EC2221DAF100BA772B /* Assets.xcassets */,
				6CCAD4F12221DAF100BA772B /* Info.plist */,
				6CCAD4F42221DAF100BA772B /* Kagi.entitlements */,
			);
			path = Resources;
			sourceTree = "<group>";
		};
		6C756AF62214FE7200DFB2F2 = {
			isa = PBXGroup;
			children = (
				6CEF3AD022150C0F00CEAC8A /* GCDWebServer */,
				6CCAD4E52221DAF100BA772B /* Kagi */,
				6C756B002214FE7200DFB2F2 /* Products */,
			);
			sourceTree = "<group>";
		};
		6C756B002214FE7200DFB2F2 /* Products */ = {
			isa = PBXGroup;
			children = (
				6C482CD42221F151003A2B27 /* Kagi.app */,
			);
			name = Products;
			sourceTree = "<group>";
		};
		6CA8768F22277671000C9952 /* Frameworks */ = {
			isa = PBXGroup;
			children = (
				6CA8769022277671000C9952 /* Sparkle.framework */,
			);
			path = Frameworks;
			sourceTree = "<group>";
		};
		6CCAD4E52221DAF100BA772B /* Kagi */ = {
			isa = PBXGroup;
			children = (
				6CCAD4E62221DAF100BA772B /* KagiDelegate.h */,
				6CCAD4E72221DAF100BA772B /* KagiDelegate.m */,
				6C482CF82221FC36003A2B27 /* KeyRowView.h */,
				6C482CF92221FC36003A2B27 /* KeyRowView.m */,
				6CA876942227863E000C9952 /* NewKeyRowView.h */,
				6CA876952227863E000C9952 /* NewKeyRowView.m */,
				6CCAD4F22221DAF100BA772B /* main.m */,
				6C482D002221FE36003A2B27 /* Resources */,
				6CA8768F22277671000C9952 /* Frameworks */,
			);
			path = Kagi;
			sourceTree = "<group>";
		};
		6CEF3AD022150C0F00CEAC8A /* GCDWebServer */ = {
			isa = PBXGroup;
			children = (
				6CEF3AD122150C0F00CEAC8A /* GCDWebServerFileResponse.h */,
				6CEF3AD222150C0F00CEAC8A /* GCDWebServerFunctions.h */,
				6CEF3AD322150C0F00CEAC8A /* GCDWebServerPrivate.h */,
				6CEF3AD422150C0F00CEAC8A /* GCDWebServerDataRequest.h */,
				6CEF3AD522150C0F00CEAC8A /* GCDWebServerResponse.m */,
				6CEF3AD622150C0F00CEAC8A /* GCDWebServerMultiPartFormRequest.h */,
				6CEF3AD722150C0F00CEAC8A /* GCDWebServerStreamedResponse.h */,
				6CEF3AD822150C0F00CEAC8A /* GCDWebServerErrorResponse.m */,
				6CEF3AD922150C0F00CEAC8A /* GCDWebServerFileRequest.h */,
				6CEF3ADA22150C0F00CEAC8A /* GCDWebServerConnection.h */,
				6CEF3ADB22150C0F00CEAC8A /* GCDWebServerDataResponse.h */,
				6CEF3ADC22150C0F00CEAC8A /* GCDWebServer.h */,
				6CEF3ADD22150C0F00CEAC8A /* GCDWebServerRequest.m */,
				6CEF3ADE22150C0F00CEAC8A /* GCDWebServerURLEncodedFormRequest.m */,
				6CEF3ADF22150C0F00CEAC8A /* GCDWebServerHTTPStatusCodes.h */,
				6CEF3AE022150C0F00CEAC8A /* GCDWebServerMultiPartFormRequest.m */,
				6CEF3AE122150C0F00CEAC8A /* GCDWebServerResponse.h */,
				6CEF3AE222150C0F00CEAC8A /* GCDWebServerDataRequest.m */,
				6CEF3AE322150C0F00CEAC8A /* GCDWebServerFileResponse.m */,
				6CEF3AE422150C0F00CEAC8A /* GCDWebServerFunctions.m */,
				6CEF3AE522150C0F00CEAC8A /* GCDWebServer.m */,
				6CEF3AE622150C0F00CEAC8A /* GCDWebServerDataResponse.m */,
				6CEF3AE722150C0F00CEAC8A /* GCDWebServerConnection.m */,
				6CEF3AE822150C0F00CEAC8A /* GCDWebServerFileRequest.m */,
				6CEF3AE922150C0F00CEAC8A /* GCDWebServerErrorResponse.h */,
				6CEF3AEA22150C0F00CEAC8A /* GCDWebServerStreamedResponse.m */,
				6CEF3AEB22150C0F00CEAC8A /* GCDWebServerURLEncodedFormRequest.h */,
				6CEF3AEC22150C0F00CEAC8A /* GCDWebServerRequest.h */,
			);
			name = GCDWebServer;
			path = Kagi/GCDWebServer;
			sourceTree = "<group>";
		};
/* End PBXGroup section */

/* Begin PBXNativeTarget section */
		6C482CD32221F151003A2B27 /* Kagi */ = {
			isa = PBXNativeTarget;
			buildConfigurationList = 6C482CE42221F153003A2B27 /* Build configuration list for PBXNativeTarget "Kagi" */;
			buildPhases = (
				6C482CD02221F151003A2B27 /* Sources */,
				6C482CD12221F151003A2B27 /* Frameworks */,
				6C482CD22221F151003A2B27 /* Resources */,
				6CA87692222776A8000C9952 /* CopyFiles */,
			);
			buildRules = (
			);
			dependencies = (
			);
			name = Kagi;
			productName = Kagi;
			productReference = 6C482CD42221F151003A2B27 /* Kagi.app */;
			productType = "com.apple.product-type.application";
		};
/* End PBXNativeTarget section */

/* Begin PBXProject section */
		6C756AF72214FE7200DFB2F2 /* Project object */ = {
			isa = PBXProject;
			attributes = {
				LastUpgradeCheck = 1010;
				ORGANIZATIONNAME = "Aoren Software";
				TargetAttributes = {
					6C482CD32221F151003A2B27 = {
						CreatedOnToolsVersion = 10.1;
						SystemCapabilities = {
							com.apple.Sandbox = {
								enabled = 0;
							};
						};
					};
				};
			};
			buildConfigurationList = 6C756AFA2214FE7200DFB2F2 /* Build configuration list for PBXProject "Kagi" */;
			compatibilityVersion = "Xcode 9.3";
			developmentRegion = en;
			hasScannedForEncodings = 0;
			knownRegions = (
				en,
				Base,
			);
			mainGroup = 6C756AF62214FE7200DFB2F2;
			productRefGroup = 6C756B002214FE7200DFB2F2 /* Products */;
			projectDirPath = "";
			projectRoot = "";
			targets = (
				6C482CD32221F151003A2B27 /* Kagi */,
			);
		};
/* End PBXProject section */

/* Begin PBXResourcesBuildPhase section */
		6C482CD22221F151003A2B27 /* Resources */ = {
			isa = PBXResourcesBuildPhase;
			buildActionMask = 2147483647;
			files = (
				6C482CDD2221F153003A2B27 /* MainMenu.xib in Resources */,
			);
			runOnlyForDeploymentPostprocessing = 0;
		};
/* End PBXResourcesBuildPhase section */

/* Begin PBXSourcesBuildPhase section */
		6C482CD02221F151003A2B27 /* Sources */ = {
			isa = PBXSourcesBuildPhase;
			buildActionMask = 2147483647;
			files = (
				6C482CE62221F1DF003A2B27 /* GCDWebServerErrorResponse.m in Sources */,
				6C482CE72221F1DF003A2B27 /* GCDWebServerRequest.m in Sources */,
				6C482CEA2221F1DF003A2B27 /* GCDWebServerDataRequest.m in Sources */,
				6C482CEB2221F1DF003A2B27 /* GCDWebServerFileResponse.m in Sources */,
				6C482CF22221F1DF003A2B27 /* KagiDelegate.m in Sources */,
				6C482CF42221F1DF003A2B27 /* main.m in Sources */,
				6C482CE52221F1DF003A2B27 /* GCDWebServerResponse.m in Sources */,
				6C482CED2221F1DF003A2B27 /* GCDWebServer.m in Sources */,
				6C482CE82221F1DF003A2B27 /* GCDWebServerURLEncodedFormRequest.m in Sources */,
				6C482CEE2221F1DF003A2B27 /* GCDWebServerDataResponse.m in Sources */,
				6C482CF12221F1DF003A2B27 /* GCDWebServerStreamedResponse.m in Sources */,
				6C482CF02221F1DF003A2B27 /* GCDWebServerFileRequest.m in Sources */,
				6CA876962227863E000C9952 /* NewKeyRowView.m in Sources */,
				6C482CEC2221F1DF003A2B27 /* GCDWebServerFunctions.m in Sources */,
				6C482CE92221F1DF003A2B27 /* GCDWebServerMultiPartFormRequest.m in Sources */,
				6C482CFA2221FC36003A2B27 /* KeyRowView.m in Sources */,
				6C482CEF2221F1DF003A2B27 /* GCDWebServerConnection.m in Sources */,
			);
			runOnlyForDeploymentPostprocessing = 0;
		};
/* End PBXSourcesBuildPhase section */

/* Begin PBXVariantGroup section */
		6C482CDB2221F153003A2B27 /* MainMenu.xib */ = {
			isa = PBXVariantGroup;
			children = (
				6C482CDC2221F153003A2B27 /* Base */,
			);
			name = MainMenu.xib;
			sourceTree = "<group>";
		};
/* End PBXVariantGroup section */

/* Begin XCBuildConfiguration section */
		6C482CE22221F153003A2B27 /* Debug */ = {
			isa = XCBuildConfiguration;
			buildSettings = {
				ASSETCATALOG_COMPILER_APPICON_NAME = AppIcon;
				CODE_SIGN_STYLE = Automatic;
				COMBINE_HIDPI_IMAGES = YES;
				DEVELOPMENT_TEAM = W5PNVD5YEB;
				FRAMEWORK_SEARCH_PATHS = (
					"$(inherited)",
					"$(PROJECT_DIR)/Kagi/Frameworks",
				);
				INFOPLIST_FILE = Kagi/Resources/Info.plist;
				LD_RUNPATH_SEARCH_PATHS = (
					"$(inherited)",
					"@executable_path/../Frameworks",
					"@loader_path/../Frameworks",
				);
				MACOSX_DEPLOYMENT_TARGET = 10.14;
				PRODUCT_BUNDLE_IDENTIFIER = com.aoren.Kagi;
				PRODUCT_NAME = "$(TARGET_NAME)";
			};
			name = Debug;
		};
		6C482CE32221F153003A2B27 /* Release */ = {
			isa = XCBuildConfiguration;
			buildSettings = {
				ASSETCATALOG_COMPILER_APPICON_NAME = AppIcon;
				CODE_SIGN_STYLE = Automatic;
				COMBINE_HIDPI_IMAGES = YES;
				DEVELOPMENT_TEAM = W5PNVD5YEB;
				FRAMEWORK_SEARCH_PATHS = (
					"$(inherited)",
					"$(PROJECT_DIR)/Kagi/Frameworks",
				);
				INFOPLIST_FILE = Kagi/Resources/Info.plist;
				LD_RUNPATH_SEARCH_PATHS = (
					"$(inherited)",
					"@executable_path/../Frameworks",
					"@loader_path/../Frameworks",
				);
				MACOSX_DEPLOYMENT_TARGET = 10.14;
				PRODUCT_BUNDLE_IDENTIFIER = com.aoren.Kagi;
				PRODUCT_NAME = "$(TARGET_NAME)";
			};
			name = Release;
		};
		6C756B042214FE7200DFB2F2 /* Debug */ = {
			isa = XCBuildConfiguration;
			buildSettings = {
				ALWAYS_SEARCH_USER_PATHS = NO;
				CLANG_ANALYZER_NONNULL = YES;
				CLANG_ANALYZER_NUMBER_OBJECT_CONVERSION = YES_AGGRESSIVE;
				CLANG_CXX_LANGUAGE_STANDARD = "gnu++14";
				CLANG_CXX_LIBRARY = "libc++";
				CLANG_ENABLE_MODULES = YES;
				CLANG_ENABLE_OBJC_ARC = YES;
				CLANG_ENABLE_OBJC_WEAK = YES;
				CLANG_WARN_BLOCK_CAPTURE_AUTORELEASING = YES;
				CLANG_WARN_BOOL_CONVERSION = YES;
				CLANG_WARN_COMMA = YES;
				CLANG_WARN_CONSTANT_CONVERSION = YES;
				CLANG_WARN_DEPRECATED_OBJC_IMPLEMENTATIONS = YES;
				CLANG_WARN_DIRECT_OBJC_ISA_USAGE = YES_ERROR;
				CLANG_WARN_DOCUMENTATION_COMMENTS = YES;
				CLANG_WARN_EMPTY_BODY = YES;
				CLANG_WARN_ENUM_CONVERSION = YES;
				CLANG_WARN_INFINITE_RECURSION = YES;
				CLANG_WARN_INT_CONVERSION = YES;
				CLANG_WARN_NON_LITERAL_NULL_CONVERSION = YES;
				CLANG_WARN_OBJC_IMPLICIT_RETAIN_SELF = YES;
				CLANG_WARN_OBJC_LITERAL_CONVERSION = YES;
				CLANG_WARN_OBJC_ROOT_CLASS = YES_ERROR;
				CLANG_WARN_RANGE_LOOP_ANALYSIS = YES;
				CLANG_WARN_STRICT_PROTOTYPES = YES;
				CLANG_WARN_SUSPICIOUS_MOVE = YES;
				CLANG_WARN_UNGUARDED_AVAILABILITY = YES_AGGRESSIVE;
				CLANG_WARN_UNREACHABLE_CODE = YES;
				CLANG_WARN__DUPLICATE_METHOD_MATCH = YES;
				CODE_SIGN_IDENTITY = "Mac Developer";
				COPY_PHASE_STRIP = NO;
				DEBUG_INFORMATION_FORMAT = dwarf;
				ENABLE_STRICT_OBJC_MSGSEND = YES;
				ENABLE_TESTABILITY = YES;
				GCC_C_LANGUAGE_STANDARD = gnu11;
				GCC_DYNAMIC_NO_PIC = NO;
				GCC_NO_COMMON_BLOCKS = YES;
				GCC_OPTIMIZATION_LEVEL = 0;
				GCC_PREPROCESSOR_DEFINITIONS = (
					"DEBUG=1",
					"$(inherited)",
				);
				GCC_WARN_64_TO_32_BIT_CONVERSION = YES;
				GCC_WARN_ABOUT_RETURN_TYPE = YES_ERROR;
				GCC_WARN_UNDECLARED_SELECTOR = YES;
				GCC_WARN_UNINITIALIZED_AUTOS = YES_AGGRESSIVE;
				GCC_WARN_UNUSED_FUNCTION = YES;
				GCC_WARN_UNUSED_VARIABLE = YES;
				MACOSX_DEPLOYMENT_TARGET = 10.14;
				MTL_ENABLE_DEBUG_INFO = INCLUDE_SOURCE;
				MTL_FAST_MATH = YES;
				ONLY_ACTIVE_ARCH = YES;
				SDKROOT = macosx;
			};
			name = Debug;
		};
		6C756B052214FE7200DFB2F2 /* Release */ = {
			isa = XCBuildConfiguration;
			buildSettings = {
				ALWAYS_SEARCH_USER_PATHS = NO;
				CLANG_ANALYZER_NONNULL = YES;
				CLANG_ANALYZER_NUMBER_OBJECT_CONVERSION = YES_AGGRESSIVE;
				CLANG_CXX_LANGUAGE_STANDARD = "gnu++14";
				CLANG_CXX_LIBRARY = "libc++";
				CLANG_ENABLE_MODULES = YES;
				CLANG_ENABLE_OBJC_ARC = YES;
				CLANG_ENABLE_OBJC_WEAK = YES;
				CLANG_WARN_BLOCK_CAPTURE_AUTORELEASING = YES;
				CLANG_WARN_BOOL_CONVERSION = YES;
				CLANG_WARN_COMMA = YES;
				CLANG_WARN_CONSTANT_CONVERSION = YES;
				CLANG_WARN_DEPRECATED_OBJC_IMPLEMENTATIONS = YES;
				CLANG_WARN_DIRECT_OBJC_ISA_USAGE = YES_ERROR;
				CLANG_WARN_DOCUMENTATION_COMMENTS = YES;
				CLANG_WARN_EMPTY_BODY = YES;
				CLANG_WARN_ENUM_CONVERSION = YES;
				CLANG_WARN_INFINITE_RECURSION = YES;
				CLANG_WARN_INT_CONVERSION = YES;
				CLANG_WARN_NON_LITERAL_NULL_CONVERSION = YES;
				CLANG_WARN_OBJC_IMPLICIT_RETAIN_SELF = YES;
				CLANG_WARN_OBJC_LITERAL_CONVERSION = YES;
				CLANG_WARN_OBJC_ROOT_CLASS = YES_ERROR;
				CLANG_WARN_RANGE_LOOP_ANALYSIS = YES;
				CLANG_WARN_STRICT_PROTOTYPES = YES;
				CLANG_WARN_SUSPICIOUS_MOVE = YES;
				CLANG_WARN_UNGUARDED_AVAILABILITY = YES_AGGRESSIVE;
				CLANG_WARN_UNREACHABLE_CODE = YES;
				CLANG_WARN__DUPLICATE_METHOD_MATCH = YES;
				CODE_SIGN_IDENTITY = "Mac Developer";
				COPY_PHASE_STRIP = NO;
				DEBUG_INFORMATION_FORMAT = "dwarf-with-dsym";
				ENABLE_NS_ASSERTIONS = NO;
				ENABLE_STRICT_OBJC_MSGSEND = YES;
				GCC_C_LANGUAGE_STANDARD = gnu11;
				GCC_NO_COMMON_BLOCKS = YES;
				GCC_WARN_64_TO_32_BIT_CONVERSION = YES;
				GCC_WARN_ABOUT_RETURN_TYPE = YES_ERROR;
				GCC_WARN_UNDECLARED_SELECTOR = YES;
				GCC_WARN_UNINITIALIZED_AUTOS = YES_AGGRESSIVE;
				GCC_WARN_UNUSED_FUNCTION = YES;
				GCC_WARN_UNUSED_VARIABLE = YES;
				MACOSX_DEPLOYMENT_TARGET = 10.14;
				MTL_ENABLE_DEBUG_INFO = NO;
				MTL_FAST_MATH = YES;
				SDKROOT = macosx;
			};
			name = Release;
		};
/* End XCBuildConfiguration section */

/* Begin XCConfigurationList section */
		6C482CE42221F153003A2B27 /* Build configuration list for PBXNativeTarget "Kagi" */ = {
			isa = XCConfigurationList;
			buildConfigurations = (
				6C482CE22221F153003A2B27 /* Debug */,
				6C482CE32221F153003A2B27 /* Release */,
			);
			defaultConfigurationIsVisible = 0;
			defaultConfigurationName = Release;
		};
		6C756AFA2214FE7200DFB2F2 /* Build configuration list for PBXProject "Kagi" */ = {
			isa = XCConfigurationList;
			buildConfigurations = (
				6C756B042214FE7200DFB2F2 /* Debug */,
				6C756B052214FE7200DFB2F2 /* Release */,
			);
			defaultConfigurationIsVisible = 0;
			defaultConfigurationName = Release;
		};
/* End XCConfigurationList section */
	};
	rootObject = 6C756AF72214FE7200DFB2F2 /* Project object */;
}
